
Microsoft Visual Studio Solution File, Format Version 12.00
# Visual Studio Version 17
VisualStudioVersion = 17.3.32929.385
MinimumVisualStudioVersion = 10.0.40219.1
Project("{FAE04EC0-301F-11D3-BF4B-00C04F79EFBC}") = "TrackerUI", "TrackerUI\TrackerUI.csproj", "{3550430C-B6AE-4CDB-975E-20658FE0B8F1}"
EndProject
Project("{FAE04EC0-301F-11D3-BF4B-00C04F79EFBC}") = "TrackerLibrary", "TrackerLibrary\TrackerLibrary.csproj", "{0E384B8B-323E-47B2-99BF-BACE17E10963}"
EndProject
Global
	GlobalSection(SolutionConfigurationPlatforms) = preSolution
		Debug|Any CPU = Debug|Any CPU
		Release|Any CPU = Release|Any CPU
	EndGlobalSection
	GlobalSection(ProjectConfigurationPlatforms) = postSolution
		{3550430C-B6AE-4CDB-975E-20658FE0B8F1}.Debug|Any CPU.ActiveCfg = Debug|Any CPU
		{3550430C-B6AE-4CDB-975E-20658FE0B8F1}.Debug|Any CPU.Build.0 = Debug|Any CPU
		{3550430C-B6AE-4CDB-975E-20658FE0B8F1}.Release|Any CPU.ActiveCfg = Release|Any CPU
		{3550430C-B6AE-4CDB-975E-20658FE0B8F1}.Release|Any CPU.Build.0 = Release|Any CPU
		{0E384B8B-323E-47B2-99BF-BACE17E10963}.Debug|Any CPU.ActiveCfg = Debug|Any CPU
		{0E384B8B-323E-47B2-99BF-BACE17E10963}.Debug|Any CPU.Build.0 = Debug|Any CPU
		{0E384B8B-323E-47B2-99BF-BACE17E10963}.Release|Any CPU.ActiveCfg = Release|Any CPU
		{0E384B8B-323E-47B2-99BF-BACE17E10963}.Release|Any CPU.Build.0 = Release|Any CPU
	EndGlobalSection
	GlobalSection(SolutionProperties) = preSolution
		HideSolutionNode = FALSE
	EndGlobalSection
	GlobalSection(ExtensibilityGlobals) = postSolution
		SolutionGuid = {8C6B97EF-8021-4396-9C28-DFBF1F7554E7}
	EndGlobalSection
EndGlobal
